{
  "name": "wardrobe-javascript-sample",
  "version": "0.26.725",
  "lockfileVersion": 3,
  "requires": true,
  "packages": {
    "": {
      "name": "wardrobe-javascript-sample",
      "version": "0.26.725",
      "license": "MIT",
      "dependencies": {
        "@wardrobe/embedded": "file:../../bindings/js-ts/embedded"
      }
    },
    "../../bindings/js-ts/embedded": {
      "name": "@wardrobe/embedded",
      "version": "0.26.725",
      "license": "MIT",
      "engines": {
        "node": ">=24"
      }
    },
    "node_modules/@wardrobe/embedded": {
      "resolved": "../../bindings/js-ts/embedded",
      "link": true
    }
  }
}
