{
  "name": "wardrobe-typescript-sample",
  "version": "0.26.722",
  "lockfileVersion": 3,
  "requires": true,
  "packages": {
    "": {
      "name": "wardrobe-typescript-sample",
      "version": "0.26.722",
      "license": "MIT",
      "dependencies": {
        "@wardrobe/embedded": "file:../../bindings/js-ts/embedded"
      },
      "devDependencies": {
        "typescript": "^6.0.2"
      }
    },
    "../../bindings/js-ts/embedded": {
      "name": "@wardrobe/embedded",
      "version": "0.26.722",
      "license": "MIT",
      "engines": {
        "node": ">=24"
      }
    },
    "node_modules/@wardrobe/embedded": {
      "resolved": "../../bindings/js-ts/embedded",
      "link": true
    },
    "node_modules/typescript": {
      "version": "6.0.3",
      "resolved": "https://registry.npmjs.org/typescript/-/typescript-6.0.3.tgz",
      "integrity": "sha512-y2TvuxSZPDyQakkFRPZHKFm+KKVqIisdg9/CZwm9ftvKXLP8NRWj38/ODjNbr43SsoXqNuAisEf1GdCxqWcdBw==",
      "dev": true,
      "license": "Apache-2.0",
      "bin": {
        "tsc": "bin/tsc",
        "tsserver": "bin/tsserver"
      },
      "engines": {
        "node": ">=14.17"
      }
    }
  }
}
